
Microsoft Visual Studio Solution File, Format Version 12.00
Project("{FAE04EC0-301F-11D3-BF4B-00C04F79EFBC}") = "LustreCollector", "LustreCollector.csproj", "{93054E08-DE0E-41B7-8E13-1092479E70CD}"
EndProject
Global
	GlobalSection(SolutionConfigurationPlatforms) = preSolution
		Debug|Any CPU = Debug|Any CPU
		Release|Any CPU = Release|Any CPU
	EndGlobalSection
	GlobalSection(ProjectConfigurationPlatforms) = postSolution
		{93054E08-DE0E-41B7-8E13-1092479E70CD}.Debug|Any CPU.ActiveCfg = Debug|Any CPU
		{93054E08-DE0E-41B7-8E13-1092479E70CD}.Debug|Any CPU.Build.0 = Debug|Any CPU
		{93054E08-DE0E-41B7-8E13-1092479E70CD}.Release|Any CPU.ActiveCfg = Release|Any CPU
		{93054E08-DE0E-41B7-8E13-1092479E70CD}.Release|Any CPU.Build.0 = Release|Any CPU
	EndGlobalSection
EndGlobal
